
Microsoft Visual Studio Solution File, Format Version 12.00
# Visual Studio Version 16
VisualStudioVersion = 16.0.30517.126
MinimumVisualStudioVersion = 10.0.40219.1
Project("{FAE04EC0-301F-11D3-BF4B-00C04F79EFBC}") = "affine_transformation", "affine_transformation.csproj", "{74D4A6B5-A01D-4120-82CE-C4F49961596E}"
EndProject
Global
	GlobalSection(SolutionConfigurationPlatforms) = preSolution
		Debug|Any CPU = Debug|Any CPU
		Release|Any CPU = Release|Any CPU
	EndGlobalSection
	GlobalSection(ProjectConfigurationPlatforms) = postSolution
		{74D4A6B5-A01D-4120-82CE-C4F49961596E}.Debug|Any CPU.ActiveCfg = Debug|Any CPU
		{74D4A6B5-A01D-4120-82CE-C4F49961596E}.Debug|Any CPU.Build.0 = Debug|Any CPU
		{74D4A6B5-A01D-4120-82CE-C4F49961596E}.Release|Any CPU.ActiveCfg = Release|Any CPU
		{74D4A6B5-A01D-4120-82CE-C4F49961596E}.Release|Any CPU.Build.0 = Release|Any CPU
	EndGlobalSection
	GlobalSection(SolutionProperties) = preSolution
		HideSolutionNode = FALSE
	EndGlobalSection
	GlobalSection(ExtensibilityGlobals) = postSolution
		SolutionGuid = {865589CE-5FB1-4BE8-A0A7-66981CB6BA16}
	EndGlobalSection
EndGlobal
